
Microsoft Visual Studio Solution File, Format Version 12.00
# Visual Studio Version 17
VisualStudioVersion = 17.5.33502.453
MinimumVisualStudioVersion = 10.0.40219.1
Project("{FAE04EC0-301F-11D3-BF4B-00C04F79EFBC}") = "QuanLySinhVien_1", "QuanLySinhVien_1\QuanLySinhVien_1.csproj", "{D980AAC5-1AAC-40A2-8F6B-29C8EFE12AAC}"
EndProject
Global
	GlobalSection(SolutionConfigurationPlatforms) = preSolution
		Debug|Any CPU = Debug|Any CPU
		Release|Any CPU = Release|Any CPU
	EndGlobalSection
	GlobalSection(ProjectConfigurationPlatforms) = postSolution
		{D980AAC5-1AAC-40A2-8F6B-29C8EFE12AAC}.Debug|Any CPU.ActiveCfg = Debug|Any CPU
		{D980AAC5-1AAC-40A2-8F6B-29C8EFE12AAC}.Debug|Any CPU.Build.0 = Debug|Any CPU
		{D980AAC5-1AAC-40A2-8F6B-29C8EFE12AAC}.Release|Any CPU.ActiveCfg = Release|Any CPU
		{D980AAC5-1AAC-40A2-8F6B-29C8EFE12AAC}.Release|Any CPU.Build.0 = Release|Any CPU
	EndGlobalSection
	GlobalSection(SolutionProperties) = preSolution
		HideSolutionNode = FALSE
	EndGlobalSection
	GlobalSection(ExtensibilityGlobals) = postSolution
		SolutionGuid = {8B18B9A5-AAF0-478A-8D06-DFA32FA2D7ED}
	EndGlobalSection
EndGlobal
